// !$*UTF8*$!
{
	archiveVersion = 1;
	classes = {
	};
	objectVersion = 48;
	objects = {

/* Begin PBXBuildFile section */
		5110287770893A1339249FF7 /* Pods_StoryboardMergerUITests.framework in Frameworks */ = {isa = PBXBuildFile; fileRef = E6A6F86C5B8431C7032DF7A3 /* Pods_StoryboardMergerUITests.framework */; };
		72E1BEDA1F9EA48F00434719 /* AppDelegate.swift in Sources */ = {isa = PBXBuildFile; fileRef = 72E1BED91F9EA48F00434719 /* AppDelegate.swift */; };
		72E1BEDC1F9EA48F00434719 /* ViewController.swift in Sources */ = {isa = PBXBuildFile; fileRef = 72E1BEDB1F9EA48F00434719 /* ViewController.swift */; };
		72E1BEDE1F9EA48F00434719 /* Document.swift in Sources */ = {isa = PBXBuildFile; fileRef = 72E1BEDD1F9EA48F00434719 /* Document.swift */; };
		72E1BEE01F9EA48F00434719 /* Assets.xcassets in Resources */ = {isa = PBXBuildFile; fileRef = 72E1BEDF1F9EA48F00434719 /* Assets.xcassets */; };
		72E1BEE31F9EA48F00434719 /* Main.storyboard in Resources */ = {isa = PBXBuildFile; fileRef = 72E1BEE11F9EA48F00434719 /* Main.storyboard */; };
		72E1BEEF1F9EA49000434719 /* StoryboardMergerTests.swift in Sources */ = {isa = PBXBuildFile; fileRef = 72E1BEEE1F9EA49000434719 /* StoryboardMergerTests.swift */; };
		72E1BEFA1F9EA49000434719 /* StoryboardMergerUITests.swift in Sources */ = {isa = PBXBuildFile; fileRef = 72E1BEF91F9EA49000434719 /* StoryboardMergerUITests.swift */; };
		B16DB71A502AFE2B763AA3F3 /* Pods_StoryboardMergerTests.framework in Frameworks */ = {isa = PBXBuildFile; fileRef = DE7CE75CB868F2F455AA47D1 /* Pods_StoryboardMergerTests.framework */; };
		E4EB82981F9FA9FF000C6AD0 /* StringExtension.swift in Sources */ = {isa = PBXBuildFile; fileRef = E4EB82971F9FA9FF000C6AD0 /* StringExtension.swift */; };
		EC2E6AB1EB605E6ADAF803E5 /* Pods_StoryboardMerger.framework in Frameworks */ = {isa = PBXBuildFile; fileRef = 693E17EB400871EA04740697 /* Pods_StoryboardMerger.framework */; };
/* End PBXBuildFile section */

/* Begin PBXContainerItemProxy section */
		72E1BEEB1F9EA49000434719 /* PBXContainerItemProxy */ = {
			isa = PBXContainerItemProxy;
			containerPortal = 72E1BECE1F9EA48F00434719 /* Project object */;
			proxyType = 1;
			remoteGlobalIDString = 72E1BED51F9EA48F00434719;
			remoteInfo = StoryboardMerger;
		};
		72E1BEF61F9EA49000434719 /* PBXContainerItemProxy */ = {
			isa = PBXContainerItemProxy;
			containerPortal = 72E1BECE1F9EA48F00434719 /* Project object */;
			proxyType = 1;
			remoteGlobalIDString = 72E1BED51F9EA48F00434719;
			remoteInfo = StoryboardMerger;
		};
/* End PBXContainerItemProxy section */

/* Begin PBXFileReference section */
		170E5E090F587F53F8BD8AED /* Pods-StoryboardMergerTests.release.xcconfig */ = {isa = PBXFileReference; includeInIndex = 1; lastKnownFileType = text.xcconfig; name = "Pods-StoryboardMergerTests.release.xcconfig"; path = "Pods/Target Support Files/Pods-StoryboardMergerTests/Pods-StoryboardMergerTests.release.xcconfig"; sourceTree = "<group>"; };
		2BAE2E72E284D180814B2F58 /* Pods-StoryboardMergerUITests.release.xcconfig */ = {isa = PBXFileReference; includeInIndex = 1; lastKnownFileType = text.xcconfig; name = "Pods-StoryboardMergerUITests.release.xcconfig"; path = "Pods/Target Support Files/Pods-StoryboardMergerUITests/Pods-StoryboardMergerUITests.release.xcconfig"; sourceTree = "<group>"; };
		313E2EFE9E2F81DD5F157CD9 /* Pods-StoryboardMerger.release.xcconfig */ = {isa = PBXFileReference; includeInIndex = 1; lastKnownFileType = text.xcconfig; name = "Pods-StoryboardMerger.release.xcconfig"; path = "Pods/Target Support Files/Pods-StoryboardMerger/Pods-StoryboardMerger.release.xcconfig"; sourceTree = "<group>"; };
		693E17EB400871EA04740697 /* Pods_StoryboardMerger.framework */ = {isa = PBXFileReference; explicitFileType = wrapper.framework; includeInIndex = 0; path = Pods_StoryboardMerger.framework; sourceTree = BUILT_PRODUCTS_DIR; };
		72E1BED61F9EA48F00434719 /* StoryboardMerger.app */ = {isa = PBXFileReference; explicitFileType = wrapper.application; includeInIndex = 0; path = StoryboardMerger.app; sourceTree = BUILT_PRODUCTS_DIR; };
		72E1BED91F9EA48F00434719 /* AppDelegate.swift */ = {isa = PBXFileReference; lastKnownFileType = sourcecode.swift; path = AppDelegate.swift; sourceTree = "<group>"; };
		72E1BEDB1F9EA48F00434719 /* ViewController.swift */ = {isa = PBXFileReference; lastKnownFileType = sourcecode.swift; path = ViewController.swift; sourceTree = "<group>"; };
		72E1BEDD1F9EA48F00434719 /* Document.swift */ = {isa = PBXFileReference; lastKnownFileType = sourcecode.swift; path = Document.swift; sourceTree = "<group>"; };
		72E1BEDF1F9EA48F00434719 /* Assets.xcassets */ = {isa = PBXFileReference; lastKnownFileType = folder.assetcatalog; path = Assets.xcassets; sourceTree = "<group>"; };
		72E1BEE21F9EA48F00434719 /* Base */ = {isa = PBXFileReference; lastKnownFileType = file.storyboard; name = Base; path = Base.lproj/Main.storyboard; sourceTree = "<group>"; };
		72E1BEE41F9EA48F00434719 /* Info.plist */ = {isa = PBXFileReference; lastKnownFileType = text.plist.xml; path = Info.plist; sourceTree = "<group>"; };
		72E1BEE51F9EA48F00434719 /* StoryboardMerger.entitlements */ = {isa = PBXFileReference; lastKnownFileType = text.plist.entitlements; path = StoryboardMerger.entitlements; sourceTree = "<group>"; };
		72E1BEEA1F9EA49000434719 /* StoryboardMergerTests.xctest */ = {isa = PBXFileReference; explicitFileType = wrapper.cfbundle; includeInIndex = 0; path = StoryboardMergerTests.xctest; sourceTree = BUILT_PRODUCTS_DIR; };
		72E1BEEE1F9EA49000434719 /* StoryboardMergerTests.swift */ = {isa = PBXFileReference; lastKnownFileType = sourcecode.swift; path = StoryboardMergerTests.swift; sourceTree = "<group>"; };
		72E1BEF01F9EA49000434719 /* Info.plist */ = {isa = PBXFileReference; lastKnownFileType = text.plist.xml; path = Info.plist; sourceTree = "<group>"; };
		72E1BEF51F9EA49000434719 /* StoryboardMergerUITests.xctest */ = {isa = PBXFileReference; explicitFileType = wrapper.cfbundle; includeInIndex = 0; path = StoryboardMergerUITests.xctest; sourceTree = BUILT_PRODUCTS_DIR; };
		72E1BEF91F9EA49000434719 /* StoryboardMergerUITests.swift */ = {isa = PBXFileReference; lastKnownFileType = sourcecode.swift; path = StoryboardMergerUITests.swift; sourceTree = "<group>"; };
		72E1BEFB1F9EA49000434719 /* Info.plist */ = {isa = PBXFileReference; lastKnownFileType = text.plist.xml; path = Info.plist; sourceTree = "<group>"; };
		A1D4F1B3507CE164B413338C /* Pods-StoryboardMerger.debug.xcconfig */ = {isa = PBXFileReference; includeInIndex = 1; lastKnownFileType = text.xcconfig; name = "Pods-StoryboardMerger.debug.xcconfig"; path = "Pods/Target Support Files/Pods-StoryboardMerger/Pods-StoryboardMerger.debug.xcconfig"; sourceTree = "<group>"; };
		A8FCAD45D2EA3D08DBC8DAFB /* Pods-StoryboardMergerTests.debug.xcconfig */ = {isa = PBXFileReference; includeInIndex = 1; lastKnownFileType = text.xcconfig; name = "Pods-StoryboardMergerTests.debug.xcconfig"; path = "Pods/Target Support Files/Pods-StoryboardMergerTests/Pods-StoryboardMergerTests.debug.xcconfig"; sourceTree = "<group>"; };
		BE42F522FA0AFD4534EF04D0 /* Pods-StoryboardMergerUITests.debug.xcconfig */ = {isa = PBXFileReference; includeInIndex = 1; lastKnownFileType = text.xcconfig; name = "Pods-StoryboardMergerUITests.debug.xcconfig"; path = "Pods/Target Support Files/Pods-StoryboardMergerUITests/Pods-StoryboardMergerUITests.debug.xcconfig"; sourceTree = "<group>"; };
		DE7CE75CB868F2F455AA47D1 /* Pods_StoryboardMergerTests.framework */ = {isa = PBXFileReference; explicitFileType = wrapper.framework; includeInIndex = 0; path = Pods_StoryboardMergerTests.framework; sourceTree = BUILT_PRODUCTS_DIR; };
		E4EB82971F9FA9FF000C6AD0 /* StringExtension.swift */ = {isa = PBXFileReference; lastKnownFileType = sourcecode.swift; path = StringExtension.swift; sourceTree = "<group>"; };
		E6A6F86C5B8431C7032DF7A3 /* Pods_StoryboardMergerUITests.framework */ = {isa = PBXFileReference; explicitFileType = wrapper.framework; includeInIndex = 0; path = Pods_StoryboardMergerUITests.framework; sourceTree = BUILT_PRODUCTS_DIR; };
/* End PBXFileReference section */

/* Begin PBXFrameworksBuildPhase section */
		72E1BED31F9EA48F00434719 /* Frameworks */ = {
			isa = PBXFrameworksBuildPhase;
			buildActionMask = 2147483647;
			files = (
				EC2E6AB1EB605E6ADAF803E5 /* Pods_StoryboardMerger.framework in Frameworks */,
			);
			runOnlyForDeploymentPostprocessing = 0;
		};
		72E1BEE71F9EA49000434719 /* Frameworks */ = {
			isa = PBXFrameworksBuildPhase;
			buildActionMask = 2147483647;
			files = (
				B16DB71A502AFE2B763AA3F3 /* Pods_StoryboardMergerTests.framework in Frameworks */,
			);
			runOnlyForDeploymentPostprocessing = 0;
		};
		72E1BEF21F9EA49000434719 /* Frameworks */ = {
			isa = PBXFrameworksBuildPhase;
			buildActionMask = 2147483647;
			files = (
				5110287770893A1339249FF7 /* Pods_StoryboardMergerUITests.framework in Frameworks */,
			);
			runOnlyForDeploymentPostprocessing = 0;
		};
/* End PBXFrameworksBuildPhase section */

/* Begin PBXGroup section */
		196A32AB1A9726933A90F7EF /* Pods */ = {
			isa = PBXGroup;
			children = (
				A1D4F1B3507CE164B413338C /* Pods-StoryboardMerger.debug.xcconfig */,
				313E2EFE9E2F81DD5F157CD9 /* Pods-StoryboardMerger.release.xcconfig */,
				A8FCAD45D2EA3D08DBC8DAFB /* Pods-StoryboardMergerTests.debug.xcconfig */,
				170E5E090F587F53F8BD8AED /* Pods-StoryboardMergerTests.release.xcconfig */,
				BE42F522FA0AFD4534EF04D0 /* Pods-StoryboardMergerUITests.debug.xcconfig */,
				2BAE2E72E284D180814B2F58 /* Pods-StoryboardMergerUITests.release.xcconfig */,
			);
			name = Pods;
			sourceTree = "<group>";
		};
		6D802E6C6ED69800E9D8D9D9 /* Frameworks */ = {
			isa = PBXGroup;
			children = (
				693E17EB400871EA04740697 /* Pods_StoryboardMerger.framework */,
				DE7CE75CB868F2F455AA47D1 /* Pods_StoryboardMergerTests.framework */,
				E6A6F86C5B8431C7032DF7A3 /* Pods_StoryboardMergerUITests.framework */,
			);
			name = Frameworks;
			sourceTree = "<group>";
		};
		72E1BECD1F9EA48F00434719 = {
			isa = PBXGroup;
			children = (
				72E1BED81F9EA48F00434719 /* StoryboardMerger */,
				72E1BEED1F9EA49000434719 /* StoryboardMergerTests */,
				72E1BEF81F9EA49000434719 /* StoryboardMergerUITests */,
				72E1BED71F9EA48F00434719 /* Products */,
				196A32AB1A9726933A90F7EF /* Pods */,
				6D802E6C6ED69800E9D8D9D9 /* Frameworks */,
			);
			sourceTree = "<group>";
		};
		72E1BED71F9EA48F00434719 /* Products */ = {
			isa = PBXGroup;
			children = (
				72E1BED61F9EA48F00434719 /* StoryboardMerger.app */,
				72E1BEEA1F9EA49000434719 /* StoryboardMergerTests.xctest */,
				72E1BEF51F9EA49000434719 /* StoryboardMergerUITests.xctest */,
			);
			name = Products;
			sourceTree = "<group>";
		};
		72E1BED81F9EA48F00434719 /* StoryboardMerger */ = {
			isa = PBXGroup;
			children = (
				72E1BED91F9EA48F00434719 /* AppDelegate.swift */,
				72E1BEDB1F9EA48F00434719 /* ViewController.swift */,
				72E1BEDD1F9EA48F00434719 /* Document.swift */,
				72E1BEDF1F9EA48F00434719 /* Assets.xcassets */,
				72E1BEE11F9EA48F00434719 /* Main.storyboard */,
				72E1BEE41F9EA48F00434719 /* Info.plist */,
				72E1BEE51F9EA48F00434719 /* StoryboardMerger.entitlements */,
				E4EB82971F9FA9FF000C6AD0 /* StringExtension.swift */,
			);
			path = StoryboardMerger;
			sourceTree = "<group>";
		};
		72E1BEED1F9EA49000434719 /* StoryboardMergerTests */ = {
			isa = PBXGroup;
			children = (
				72E1BEEE1F9EA49000434719 /* StoryboardMergerTests.swift */,
				72E1BEF01F9EA49000434719 /* Info.plist */,
			);
			path = StoryboardMergerTests;
			sourceTree = "<group>";
		};
		72E1BEF81F9EA49000434719 /* StoryboardMergerUITests */ = {
			isa = PBXGroup;
			children = (
				72E1BEF91F9EA49000434719 /* StoryboardMergerUITests.swift */,
				72E1BEFB1F9EA49000434719 /* Info.plist */,
			);
			path = StoryboardMergerUITests;
			sourceTree = "<group>";
		};
/* End PBXGroup section */

/* Begin PBXNativeTarget section */
		72E1BED51F9EA48F00434719 /* StoryboardMerger */ = {
			isa = PBXNativeTarget;
			buildConfigurationList = 72E1BEFE1F9EA49000434719 /* Build configuration list for PBXNativeTarget "StoryboardMerger" */;
			buildPhases = (
				DD75B2F4962FCFE5C1F8B4E2 /* [CP] Check Pods Manifest.lock */,
				72E1BED21F9EA48F00434719 /* Sources */,
				72E1BED31F9EA48F00434719 /* Frameworks */,
				72E1BED41F9EA48F00434719 /* Resources */,
				1978BBC491A77179D52D9CC0 /* [CP] Embed Pods Frameworks */,
				B1F18588B243E046FD437AA6 /* [CP] Copy Pods Resources */,
			);
			buildRules = (
			);
			dependencies = (
			);
			name = StoryboardMerger;
			productName = StoryboardMerger;
			productReference = 72E1BED61F9EA48F00434719 /* StoryboardMerger.app */;
			productType = "com.apple.product-type.application";
		};
		72E1BEE91F9EA49000434719 /* StoryboardMergerTests */ = {
			isa = PBXNativeTarget;
			buildConfigurationList = 72E1BF011F9EA49000434719 /* Build configuration list for PBXNativeTarget "StoryboardMergerTests" */;
			buildPhases = (
				2B865111E89EDD8BD29DFB14 /* [CP] Check Pods Manifest.lock */,
				72E1BEE61F9EA49000434719 /* Sources */,
				72E1BEE71F9EA49000434719 /* Frameworks */,
				72E1BEE81F9EA49000434719 /* Resources */,
				96B1B9789DB9E4AD9E1C45F0 /* [CP] Embed Pods Frameworks */,
				9516E4B952514F0882B1E5C9 /* [CP] Copy Pods Resources */,
			);
			buildRules = (
			);
			dependencies = (
				72E1BEEC1F9EA49000434719 /* PBXTargetDependency */,
			);
			name = StoryboardMergerTests;
			productName = StoryboardMergerTests;
			productReference = 72E1BEEA1F9EA49000434719 /* StoryboardMergerTests.xctest */;
			productType = "com.apple.product-type.bundle.unit-test";
		};
		72E1BEF41F9EA49000434719 /* StoryboardMergerUITests */ = {
			isa = PBXNativeTarget;
			buildConfigurationList = 72E1BF041F9EA49000434719 /* Build configuration list for PBXNativeTarget "StoryboardMergerUITests" */;
			buildPhases = (
				E2F2F70B7F432549DA604C9D /* [CP] Check Pods Manifest.lock */,
				72E1BEF11F9EA49000434719 /* Sources */,
				72E1BEF21F9EA49000434719 /* Frameworks */,
				72E1BEF31F9EA49000434719 /* Resources */,
				68DE5C23F8B6B998A6461654 /* [CP] Embed Pods Frameworks */,
				73B2504CB8CFA934751D9EA0 /* [CP] Copy Pods Resources */,
			);
			buildRules = (
			);
			dependencies = (
				72E1BEF71F9EA49000434719 /* PBXTargetDependency */,
			);
			name = StoryboardMergerUITests;
			productName = StoryboardMergerUITests;
			productReference = 72E1BEF51F9EA49000434719 /* StoryboardMergerUITests.xctest */;
			productType = "com.apple.product-type.bundle.ui-testing";
		};
/* End PBXNativeTarget section */

/* Begin PBXProject section */
		72E1BECE1F9EA48F00434719 /* Project object */ = {
			isa = PBXProject;
			attributes = {
				LastSwiftUpdateCheck = 0900;
				LastUpgradeCheck = 0900;
				ORGANIZATIONNAME = "Flavio Heleno";
				TargetAttributes = {
					72E1BED51F9EA48F00434719 = {
						CreatedOnToolsVersion = 9.0.1;
						ProvisioningStyle = Automatic;
					};
					72E1BEE91F9EA49000434719 = {
						CreatedOnToolsVersion = 9.0.1;
						ProvisioningStyle = Automatic;
						TestTargetID = 72E1BED51F9EA48F00434719;
					};
					72E1BEF41F9EA49000434719 = {
						CreatedOnToolsVersion = 9.0.1;
						ProvisioningStyle = Automatic;
						TestTargetID = 72E1BED51F9EA48F00434719;
					};
				};
			};
			buildConfigurationList = 72E1BED11F9EA48F00434719 /* Build configuration list for PBXProject "StoryboardMerger" */;
			compatibilityVersion = "Xcode 8.0";
			developmentRegion = en;
			hasScannedForEncodings = 0;
			knownRegions = (
				en,
				Base,
			);
			mainGroup = 72E1BECD1F9EA48F00434719;
			productRefGroup = 72E1BED71F9EA48F00434719 /* Products */;
			projectDirPath = "";
			projectRoot = "";
			targets = (
				72E1BED51F9EA48F00434719 /* StoryboardMerger */,
				72E1BEE91F9EA49000434719 /* StoryboardMergerTests */,
				72E1BEF41F9EA49000434719 /* StoryboardMergerUITests */,
			);
		};
/* End PBXProject section */

/* Begin PBXResourcesBuildPhase section */
		72E1BED41F9EA48F00434719 /* Resources */ = {
			isa = PBXResourcesBuildPhase;
			buildActionMask = 2147483647;
			files = (
				72E1BEE01F9EA48F00434719 /* Assets.xcassets in Resources */,
				72E1BEE31F9EA48F00434719 /* Main.storyboard in Resources */,
			);
			runOnlyForDeploymentPostprocessing = 0;
		};
		72E1BEE81F9EA49000434719 /* Resources */ = {
			isa = PBXResourcesBuildPhase;
			buildActionMask = 2147483647;
			files = (
			);
			runOnlyForDeploymentPostprocessing = 0;
		};
		72E1BEF31F9EA49000434719 /* Resources */ = {
			isa = PBXResourcesBuildPhase;
			buildActionMask = 2147483647;
			files = (
			);
			runOnlyForDeploymentPostprocessing = 0;
		};
/* End PBXResourcesBuildPhase section */

/* Begin PBXShellScriptBuildPhase section */
		1978BBC491A77179D52D9CC0 /* [CP] Embed Pods Frameworks */ = {
			isa = PBXShellScriptBuildPhase;
			buildActionMask = 2147483647;
			files = (
			);
			inputPaths = (
			);
			name = "[CP] Embed Pods Frameworks";
			outputPaths = (
			);
			runOnlyForDeploymentPostprocessing = 0;
			shellPath = /bin/sh;
			shellScript = "\"${SRCROOT}/Pods/Target Support Files/Pods-StoryboardMerger/Pods-StoryboardMerger-frameworks.sh\"\n";
			showEnvVarsInLog = 0;
		};
		2B865111E89EDD8BD29DFB14 /* [CP] Check Pods Manifest.lock */ = {
			isa = PBXShellScriptBuildPhase;
			buildActionMask = 2147483647;
			files = (
			);
			inputPaths = (
				"${PODS_PODFILE_DIR_PATH}/Podfile.lock",
				"${PODS_ROOT}/Manifest.lock",
			);
			name = "[CP] Check Pods Manifest.lock";
			outputPaths = (
				"$(DERIVED_FILE_DIR)/Pods-StoryboardMergerTests-checkManifestLockResult.txt",
			);
			runOnlyForDeploymentPostprocessing = 0;
			shellPath = /bin/sh;
			shellScript = "diff \"${PODS_PODFILE_DIR_PATH}/Podfile.lock\" \"${PODS_ROOT}/Manifest.lock\" > /dev/null\nif [ $? != 0 ] ; then\n    # print error to STDERR\n    echo \"error: The sandbox is not in sync with the Podfile.lock. Run 'pod install' or update your CocoaPods installation.\" >&2\n    exit 1\nfi\n# This output is used by Xcode 'outputs' to avoid re-running this script phase.\necho \"SUCCESS\" > \"${SCRIPT_OUTPUT_FILE_0}\"\n";
			showEnvVarsInLog = 0;
		};
		68DE5C23F8B6B998A6461654 /* [CP] Embed Pods Frameworks */ = {
			isa = PBXShellScriptBuildPhase;
			buildActionMask = 2147483647;
			files = (
			);
			inputPaths = (
			);
			name = "[CP] Embed Pods Frameworks";
			outputPaths = (
			);
			runOnlyForDeploymentPostprocessing = 0;
			shellPath = /bin/sh;
			shellScript = "\"${SRCROOT}/Pods/Target Support Files/Pods-StoryboardMergerUITests/Pods-StoryboardMergerUITests-frameworks.sh\"\n";
			showEnvVarsInLog = 0;
		};
		73B2504CB8CFA934751D9EA0 /* [CP] Copy Pods Resources */ = {
			isa = PBXShellScriptBuildPhase;
			buildActionMask = 2147483647;
			files = (
			);
			inputPaths = (
			);
			name = "[CP] Copy Pods Resources";
			outputPaths = (
			);
			runOnlyForDeploymentPostprocessing = 0;
			shellPath = /bin/sh;
			shellScript = "\"${SRCROOT}/Pods/Target Support Files/Pods-StoryboardMergerUITests/Pods-StoryboardMergerUITests-resources.sh\"\n";
			showEnvVarsInLog = 0;
		};
		9516E4B952514F0882B1E5C9 /* [CP] Copy Pods Resources */ = {
			isa = PBXShellScriptBuildPhase;
			buildActionMask = 2147483647;
			files = (
			);
			inputPaths = (
			);
			name = "[CP] Copy Pods Resources";
			outputPaths = (
			);
			runOnlyForDeploymentPostprocessing = 0;
			shellPath = /bin/sh;
			shellScript = "\"${SRCROOT}/Pods/Target Support Files/Pods-StoryboardMergerTests/Pods-StoryboardMergerTests-resources.sh\"\n";
			showEnvVarsInLog = 0;
		};
		96B1B9789DB9E4AD9E1C45F0 /* [CP] Embed Pods Frameworks */ = {
			isa = PBXShellScriptBuildPhase;
			buildActionMask = 2147483647;
			files = (
			);
			inputPaths = (
			);
			name = "[CP] Embed Pods Frameworks";
			outputPaths = (
			);
			runOnlyForDeploymentPostprocessing = 0;
			shellPath = /bin/sh;
			shellScript = "\"${SRCROOT}/Pods/Target Support Files/Pods-StoryboardMergerTests/Pods-StoryboardMergerTests-frameworks.sh\"\n";
			showEnvVarsInLog = 0;
		};
		B1F18588B243E046FD437AA6 /* [CP] Copy Pods Resources */ = {
			isa = PBXShellScriptBuildPhase;
			buildActionMask = 2147483647;
			files = (
			);
			inputPaths = (
			);
			name = "[CP] Copy Pods Resources";
			outputPaths = (
			);
			runOnlyForDeploymentPostprocessing = 0;
			shellPath = /bin/sh;
			shellScript = "\"${SRCROOT}/Pods/Target Support Files/Pods-StoryboardMerger/Pods-StoryboardMerger-resources.sh\"\n";
			showEnvVarsInLog = 0;
		};
		DD75B2F4962FCFE5C1F8B4E2 /* [CP] Check Pods Manifest.lock */ = {
			isa = PBXShellScriptBuildPhase;
			buildActionMask = 2147483647;
			files = (
			);
			inputPaths = (
				"${PODS_PODFILE_DIR_PATH}/Podfile.lock",
				"${PODS_ROOT}/Manifest.lock",
			);
			name = "[CP] Check Pods Manifest.lock";
			outputPaths = (
				"$(DERIVED_FILE_DIR)/Pods-StoryboardMerger-checkManifestLockResult.txt",
			);
			runOnlyForDeploymentPostprocessing = 0;
			shellPath = /bin/sh;
			shellScript = "diff \"${PODS_PODFILE_DIR_PATH}/Podfile.lock\" \"${PODS_ROOT}/Manifest.lock\" > /dev/null\nif [ $? != 0 ] ; then\n    # print error to STDERR\n    echo \"error: The sandbox is not in sync with the Podfile.lock. Run 'pod install' or update your CocoaPods installation.\" >&2\n    exit 1\nfi\n# This output is used by Xcode 'outputs' to avoid re-running this script phase.\necho \"SUCCESS\" > \"${SCRIPT_OUTPUT_FILE_0}\"\n";
			showEnvVarsInLog = 0;
		};
		E2F2F70B7F432549DA604C9D /* [CP] Check Pods Manifest.lock */ = {
			isa = PBXShellScriptBuildPhase;
			buildActionMask = 2147483647;
			files = (
			);
			inputPaths = (
				"${PODS_PODFILE_DIR_PATH}/Podfile.lock",
				"${PODS_ROOT}/Manifest.lock",
			);
			name = "[CP] Check Pods Manifest.lock";
			outputPaths = (
				"$(DERIVED_FILE_DIR)/Pods-StoryboardMergerUITests-checkManifestLockResult.txt",
			);
			runOnlyForDeploymentPostprocessing = 0;
			shellPath = /bin/sh;
			shellScript = "diff \"${PODS_PODFILE_DIR_PATH}/Podfile.lock\" \"${PODS_ROOT}/Manifest.lock\" > /dev/null\nif [ $? != 0 ] ; then\n    # print error to STDERR\n    echo \"error: The sandbox is not in sync with the Podfile.lock. Run 'pod install' or update your CocoaPods installation.\" >&2\n    exit 1\nfi\n# This output is used by Xcode 'outputs' to avoid re-running this script phase.\necho \"SUCCESS\" > \"${SCRIPT_OUTPUT_FILE_0}\"\n";
			showEnvVarsInLog = 0;
		};
/* End PBXShellScriptBuildPhase section */

/* Begin PBXSourcesBuildPhase section */
		72E1BED21F9EA48F00434719 /* Sources */ = {
			isa = PBXSourcesBuildPhase;
			buildActionMask = 2147483647;
			files = (
				E4EB82981F9FA9FF000C6AD0 /* StringExtension.swift in Sources */,
				72E1BEDC1F9EA48F00434719 /* ViewController.swift in Sources */,
				72E1BEDA1F9EA48F00434719 /* AppDelegate.swift in Sources */,
				72E1BEDE1F9EA48F00434719 /* Document.swift in Sources */,
			);
			runOnlyForDeploymentPostprocessing = 0;
		};
		72E1BEE61F9EA49000434719 /* Sources */ = {
			isa = PBXSourcesBuildPhase;
			buildActionMask = 2147483647;
			files = (
				72E1BEEF1F9EA49000434719 /* StoryboardMergerTests.swift in Sources */,
			);
			runOnlyForDeploymentPostprocessing = 0;
		};
		72E1BEF11F9EA49000434719 /* Sources */ = {
			isa = PBXSourcesBuildPhase;
			buildActionMask = 2147483647;
			files = (
				72E1BEFA1F9EA49000434719 /* StoryboardMergerUITests.swift in Sources */,
			);
			runOnlyForDeploymentPostprocessing = 0;
		};
/* End PBXSourcesBuildPhase section */

/* Begin PBXTargetDependency section */
		72E1BEEC1F9EA49000434719 /* PBXTargetDependency */ = {
			isa = PBXTargetDependency;
			target = 72E1BED51F9EA48F00434719 /* StoryboardMerger */;
			targetProxy = 72E1BEEB1F9EA49000434719 /* PBXContainerItemProxy */;
		};
		72E1BEF71F9EA49000434719 /* PBXTargetDependency */ = {
			isa = PBXTargetDependency;
			target = 72E1BED51F9EA48F00434719 /* StoryboardMerger */;
			targetProxy = 72E1BEF61F9EA49000434719 /* PBXContainerItemProxy */;
		};
/* End PBXTargetDependency section */

/* Begin PBXVariantGroup section */
		72E1BEE11F9EA48F00434719 /* Main.storyboard */ = {
			isa = PBXVariantGroup;
			children = (
				72E1BEE21F9EA48F00434719 /* Base */,
			);
			name = Main.storyboard;
			sourceTree = "<group>";
		};
/* End PBXVariantGroup section */

/* Begin XCBuildConfiguration section */
		72E1BEFC1F9EA49000434719 /* Debug */ = {
			isa = XCBuildConfiguration;
			buildSettings = {
				ALWAYS_SEARCH_USER_PATHS = NO;
				CLANG_ANALYZER_NONNULL = YES;
				CLANG_ANALYZER_NUMBER_OBJECT_CONVERSION = YES_AGGRESSIVE;
				CLANG_CXX_LANGUAGE_STANDARD = "gnu++14";
				CLANG_CXX_LIBRARY = "libc++";
				CLANG_ENABLE_MODULES = YES;
				CLANG_ENABLE_OBJC_ARC = YES;
				CLANG_WARN_BLOCK_CAPTURE_AUTORELEASING = YES;
				CLANG_WARN_BOOL_CONVERSION = YES;
				CLANG_WARN_COMMA = YES;
				CLANG_WARN_CONSTANT_CONVERSION = YES;
				CLANG_WARN_DIRECT_OBJC_ISA_USAGE = YES_ERROR;
				CLANG_WARN_DOCUMENTATION_COMMENTS = YES;
				CLANG_WARN_EMPTY_BODY = YES;
				CLANG_WARN_ENUM_CONVERSION = YES;
				CLANG_WARN_INFINITE_RECURSION = YES;
				CLANG_WARN_INT_CONVERSION = YES;
				CLANG_WARN_NON_LITERAL_NULL_CONVERSION = YES;
				CLANG_WARN_OBJC_LITERAL_CONVERSION = YES;
				CLANG_WARN_OBJC_ROOT_CLASS = YES_ERROR;
				CLANG_WARN_RANGE_LOOP_ANALYSIS = YES;
				CLANG_WARN_STRICT_PROTOTYPES = YES;
				CLANG_WARN_SUSPICIOUS_MOVE = YES;
				CLANG_WARN_UNGUARDED_AVAILABILITY = YES_AGGRESSIVE;
				CLANG_WARN_UNREACHABLE_CODE = YES;
				CLANG_WARN__DUPLICATE_METHOD_MATCH = YES;
				CODE_SIGN_IDENTITY = "-";
				COPY_PHASE_STRIP = NO;
				DEBUG_INFORMATION_FORMAT = dwarf;
				ENABLE_STRICT_OBJC_MSGSEND = YES;
				ENABLE_TESTABILITY = YES;
				GCC_C_LANGUAGE_STANDARD = gnu11;
				GCC_DYNAMIC_NO_PIC = NO;
				GCC_NO_COMMON_BLOCKS = YES;
				GCC_OPTIMIZATION_LEVEL = 0;
				GCC_PREPROCESSOR_DEFINITIONS = (
					"DEBUG=1",
					"$(inherited)",
				);
				GCC_WARN_64_TO_32_BIT_CONVERSION = YES;
				GCC_WARN_ABOUT_RETURN_TYPE = YES_ERROR;
				GCC_WARN_UNDECLARED_SELECTOR = YES;
				GCC_WARN_UNINITIALIZED_AUTOS = YES_AGGRESSIVE;
				GCC_WARN_UNUSED_FUNCTION = YES;
				GCC_WARN_UNUSED_VARIABLE = YES;
				MACOSX_DEPLOYMENT_TARGET = 10.13;
				MTL_ENABLE_DEBUG_INFO = YES;
				ONLY_ACTIVE_ARCH = YES;
				SDKROOT = macosx;
				SWIFT_ACTIVE_COMPILATION_CONDITIONS = DEBUG;
				SWIFT_OPTIMIZATION_LEVEL = "-Onone";
			};
			name = Debug;
		};
		72E1BEFD1F9EA49000434719 /* Release */ = {
			isa = XCBuildConfiguration;
			buildSettings = {
				ALWAYS_SEARCH_USER_PATHS = NO;
				CLANG_ANALYZER_NONNULL = YES;
				CLANG_ANALYZER_NUMBER_OBJECT_CONVERSION = YES_AGGRESSIVE;
				CLANG_CXX_LANGUAGE_STANDARD = "gnu++14";
				CLANG_CXX_LIBRARY = "libc++";
				CLANG_ENABLE_MODULES = YES;
				CLANG_ENABLE_OBJC_ARC = YES;
				CLANG_WARN_BLOCK_CAPTURE_AUTORELEASING = YES;
				CLANG_WARN_BOOL_CONVERSION = YES;
				CLANG_WARN_COMMA = YES;
				CLANG_WARN_CONSTANT_CONVERSION = YES;
				CLANG_WARN_DIRECT_OBJC_ISA_USAGE = YES_ERROR;
				CLANG_WARN_DOCUMENTATION_COMMENTS = YES;
				CLANG_WARN_EMPTY_BODY = YES;
				CLANG_WARN_ENUM_CONVERSION = YES;
				CLANG_WARN_INFINITE_RECURSION = YES;
				CLANG_WARN_INT_CONVERSION = YES;
				CLANG_WARN_NON_LITERAL_NULL_CONVERSION = YES;
				CLANG_WARN_OBJC_LITERAL_CONVERSION = YES;
				CLANG_WARN_OBJC_ROOT_CLASS = YES_ERROR;
				CLANG_WARN_RANGE_LOOP_ANALYSIS = YES;
				CLANG_WARN_STRICT_PROTOTYPES = YES;
				CLANG_WARN_SUSPICIOUS_MOVE = YES;
				CLANG_WARN_UNGUARDED_AVAILABILITY = YES_AGGRESSIVE;
				CLANG_WARN_UNREACHABLE_CODE = YES;
				CLANG_WARN__DUPLICATE_METHOD_MATCH = YES;
				CODE_SIGN_IDENTITY = "-";
				COPY_PHASE_STRIP = NO;
				DEBUG_INFORMATION_FORMAT = "dwarf-with-dsym";
				ENABLE_NS_ASSERTIONS = NO;
				ENABLE_STRICT_OBJC_MSGSEND = YES;
				GCC_C_LANGUAGE_STANDARD = gnu11;
				GCC_NO_COMMON_BLOCKS = YES;
				GCC_WARN_64_TO_32_BIT_CONVERSION = YES;
				GCC_WARN_ABOUT_RETURN_TYPE = YES_ERROR;
				GCC_WARN_UNDECLARED_SELECTOR = YES;
				GCC_WARN_UNINITIALIZED_AUTOS = YES_AGGRESSIVE;
				GCC_WARN_UNUSED_FUNCTION = YES;
				GCC_WARN_UNUSED_VARIABLE = YES;
				MACOSX_DEPLOYMENT_TARGET = 10.13;
				MTL_ENABLE_DEBUG_INFO = NO;
				SDKROOT = macosx;
				SWIFT_OPTIMIZATION_LEVEL = "-Owholemodule";
			};
			name = Release;
		};
		72E1BEFF1F9EA49000434719 /* Debug */ = {
			isa = XCBuildConfiguration;
			baseConfigurationReference = A1D4F1B3507CE164B413338C /* Pods-StoryboardMerger.debug.xcconfig */;
			buildSettings = {
				ASSETCATALOG_COMPILER_APPICON_NAME = AppIcon;
				CODE_SIGN_ENTITLEMENTS = StoryboardMerger/StoryboardMerger.entitlements;
				CODE_SIGN_STYLE = Automatic;
				COMBINE_HIDPI_IMAGES = YES;
				INFOPLIST_FILE = StoryboardMerger/Info.plist;
				LD_RUNPATH_SEARCH_PATHS = "$(inherited) @executable_path/../Frameworks";
				MACOSX_DEPLOYMENT_TARGET = 10.12;
				PRODUCT_BUNDLE_IDENTIFIER = com.flavioheleno.StoryboardMerger;
				PRODUCT_NAME = "$(TARGET_NAME)";
				SWIFT_VERSION = 4.0;
			};
			name = Debug;
		};
		72E1BF001F9EA49000434719 /* Release */ = {
			isa = XCBuildConfiguration;
			baseConfigurationReference = 313E2EFE9E2F81DD5F157CD9 /* Pods-StoryboardMerger.release.xcconfig */;
			buildSettings = {
				ASSETCATALOG_COMPILER_APPICON_NAME = AppIcon;
				CODE_SIGN_ENTITLEMENTS = StoryboardMerger/StoryboardMerger.entitlements;
				CODE_SIGN_STYLE = Automatic;
				COMBINE_HIDPI_IMAGES = YES;
				INFOPLIST_FILE = StoryboardMerger/Info.plist;
				LD_RUNPATH_SEARCH_PATHS = "$(inherited) @executable_path/../Frameworks";
				MACOSX_DEPLOYMENT_TARGET = 10.12;
				PRODUCT_BUNDLE_IDENTIFIER = com.flavioheleno.StoryboardMerger;
				PRODUCT_NAME = "$(TARGET_NAME)";
				SWIFT_VERSION = 4.0;
			};
			name = Release;
		};
		72E1BF021F9EA49000434719 /* Debug */ = {
			isa = XCBuildConfiguration;
			baseConfigurationReference = A8FCAD45D2EA3D08DBC8DAFB /* Pods-StoryboardMergerTests.debug.xcconfig */;
			buildSettings = {
				ALWAYS_EMBED_SWIFT_STANDARD_LIBRARIES = YES;
				BUNDLE_LOADER = "$(TEST_HOST)";
				CODE_SIGN_STYLE = Automatic;
				COMBINE_HIDPI_IMAGES = YES;
				INFOPLIST_FILE = StoryboardMergerTests/Info.plist;
				LD_RUNPATH_SEARCH_PATHS = "$(inherited) @executable_path/../Frameworks @loader_path/../Frameworks";
				PRODUCT_BUNDLE_IDENTIFIER = com.flavioheleno.StoryboardMergerTests;
				PRODUCT_NAME = "$(TARGET_NAME)";
				SWIFT_VERSION = 4.0;
				TEST_HOST = "$(BUILT_PRODUCTS_DIR)/StoryboardMerger.app/Contents/MacOS/StoryboardMerger";
			};
			name = Debug;
		};
		72E1BF031F9EA49000434719 /* Release */ = {
			isa = XCBuildConfiguration;
			baseConfigurationReference = 170E5E090F587F53F8BD8AED /* Pods-StoryboardMergerTests.release.xcconfig */;
			buildSettings = {
				ALWAYS_EMBED_SWIFT_STANDARD_LIBRARIES = YES;
				BUNDLE_LOADER = "$(TEST_HOST)";
				CODE_SIGN_STYLE = Automatic;
				COMBINE_HIDPI_IMAGES = YES;
				INFOPLIST_FILE = StoryboardMergerTests/Info.plist;
				LD_RUNPATH_SEARCH_PATHS = "$(inherited) @executable_path/../Frameworks @loader_path/../Frameworks";
				PRODUCT_BUNDLE_IDENTIFIER = com.flavioheleno.StoryboardMergerTests;
				PRODUCT_NAME = "$(TARGET_NAME)";
				SWIFT_VERSION = 4.0;
				TEST_HOST = "$(BUILT_PRODUCTS_DIR)/StoryboardMerger.app/Contents/MacOS/StoryboardMerger";
			};
			name = Release;
		};
		72E1BF051F9EA49000434719 /* Debug */ = {
			isa = XCBuildConfiguration;
			baseConfigurationReference = BE42F522FA0AFD4534EF04D0 /* Pods-StoryboardMergerUITests.debug.xcconfig */;
			buildSettings = {
				ALWAYS_EMBED_SWIFT_STANDARD_LIBRARIES = YES;
				CODE_SIGN_STYLE = Automatic;
				COMBINE_HIDPI_IMAGES = YES;
				INFOPLIST_FILE = StoryboardMergerUITests/Info.plist;
				LD_RUNPATH_SEARCH_PATHS = "$(inherited) @executable_path/../Frameworks @loader_path/../Frameworks";
				PRODUCT_BUNDLE_IDENTIFIER = com.flavioheleno.StoryboardMergerUITests;
				PRODUCT_NAME = "$(TARGET_NAME)";
				SWIFT_VERSION = 4.0;
				TEST_TARGET_NAME = StoryboardMerger;
			};
			name = Debug;
		};
		72E1BF061F9EA49000434719 /* Release */ = {
			isa = XCBuildConfiguration;
			baseConfigurationReference = 2BAE2E72E284D180814B2F58 /* Pods-StoryboardMergerUITests.release.xcconfig */;
			buildSettings = {
				ALWAYS_EMBED_SWIFT_STANDARD_LIBRARIES = YES;
				CODE_SIGN_STYLE = Automatic;
				COMBINE_HIDPI_IMAGES = YES;
				INFOPLIST_FILE = StoryboardMergerUITests/Info.plist;
				LD_RUNPATH_SEARCH_PATHS = "$(inherited) @executable_path/../Frameworks @loader_path/../Frameworks";
				PRODUCT_BUNDLE_IDENTIFIER = com.flavioheleno.StoryboardMergerUITests;
				PRODUCT_NAME = "$(TARGET_NAME)";
				SWIFT_VERSION = 4.0;
				TEST_TARGET_NAME = StoryboardMerger;
			};
			name = Release;
		};
/* End XCBuildConfiguration section */

/* Begin XCConfigurationList section */
		72E1BED11F9EA48F00434719 /* Build configuration list for PBXProject "StoryboardMerger" */ = {
			isa = XCConfigurationList;
			buildConfigurations = (
				72E1BEFC1F9EA49000434719 /* Debug */,
				72E1BEFD1F9EA49000434719 /* Release */,
			);
			defaultConfigurationIsVisible = 0;
			defaultConfigurationName = Release;
		};
		72E1BEFE1F9EA49000434719 /* Build configuration list for PBXNativeTarget "StoryboardMerger" */ = {
			isa = XCConfigurationList;
			buildConfigurations = (
				72E1BEFF1F9EA49000434719 /* Debug */,
				72E1BF001F9EA49000434719 /* Release */,
			);
			defaultConfigurationIsVisible = 0;
			defaultConfigurationName = Release;
		};
		72E1BF011F9EA49000434719 /* Build configuration list for PBXNativeTarget "StoryboardMergerTests" */ = {
			isa = XCConfigurationList;
			buildConfigurations = (
				72E1BF021F9EA49000434719 /* Debug */,
				72E1BF031F9EA49000434719 /* Release */,
			);
			defaultConfigurationIsVisible = 0;
			defaultConfigurationName = Release;
		};
		72E1BF041F9EA49000434719 /* Build configuration list for PBXNativeTarget "StoryboardMergerUITests" */ = {
			isa = XCConfigurationList;
			buildConfigurations = (
				72E1BF051F9EA49000434719 /* Debug */,
				72E1BF061F9EA49000434719 /* Release */,
			);
			defaultConfigurationIsVisible = 0;
			defaultConfigurationName = Release;
		};
/* End XCConfigurationList section */
	};
	rootObject = 72E1BECE1F9EA48F00434719 /* Project object */;
}
